
Microsoft Visual Studio Solution File, Format Version 12.00
# Visual Studio Version 17
VisualStudioVersion = 17.11.35208.52
MinimumVisualStudioVersion = 10.0.40219.1
Project("{F184B08F-C81C-45F6-A57F-5ABD9991F28F}") = "MYSQLDBConnection2022", "MYSQLDBConnection2022\MYSQLDBConnection2022.vbproj", "{6B0BA589-6190-484B-8B3D-4F959F4A57E7}"
EndProject
Global
	GlobalSection(SolutionConfigurationPlatforms) = preSolution
		Debug|Any CPU = Debug|Any CPU
		Release|Any CPU = Release|Any CPU
	EndGlobalSection
	GlobalSection(ProjectConfigurationPlatforms) = postSolution
		{6B0BA589-6190-484B-8B3D-4F959F4A57E7}.Debug|Any CPU.ActiveCfg = Debug|Any CPU
		{6B0BA589-6190-484B-8B3D-4F959F4A57E7}.Debug|Any CPU.Build.0 = Debug|Any CPU
		{6B0BA589-6190-484B-8B3D-4F959F4A57E7}.Release|Any CPU.ActiveCfg = Release|Any CPU
		{6B0BA589-6190-484B-8B3D-4F959F4A57E7}.Release|Any CPU.Build.0 = Release|Any CPU
	EndGlobalSection
	GlobalSection(SolutionProperties) = preSolution
		HideSolutionNode = FALSE
	EndGlobalSection
	GlobalSection(ExtensibilityGlobals) = postSolution
		SolutionGuid = {633CCE84-8F9C-4E3F-8B24-D4C0007EFC13}
	EndGlobalSection
EndGlobal
